
Microsoft Visual Studio Solution File, Format Version 12.00
# Visual Studio Version 16
VisualStudioVersion = 16.0.31702.278
MinimumVisualStudioVersion = 10.0.40219.1
Project("{FAE04EC0-301F-11D3-BF4B-00C04F79EFBC}") = "Task_2", "Task_2\Task_2.csproj", "{53490A05-FD2A-4917-9964-9C88292615EA}"
EndProject
Global
	GlobalSection(SolutionConfigurationPlatforms) = preSolution
		Debug|Any CPU = Debug|Any CPU
		Release|Any CPU = Release|Any CPU
	EndGlobalSection
	GlobalSection(ProjectConfigurationPlatforms) = postSolution
		{53490A05-FD2A-4917-9964-9C88292615EA}.Debug|Any CPU.ActiveCfg = Debug|Any CPU
		{53490A05-FD2A-4917-9964-9C88292615EA}.Debug|Any CPU.Build.0 = Debug|Any CPU
		{53490A05-FD2A-4917-9964-9C88292615EA}.Release|Any CPU.ActiveCfg = Release|Any CPU
		{53490A05-FD2A-4917-9964-9C88292615EA}.Release|Any CPU.Build.0 = Release|Any CPU
	EndGlobalSection
	GlobalSection(SolutionProperties) = preSolution
		HideSolutionNode = FALSE
	EndGlobalSection
	GlobalSection(ExtensibilityGlobals) = postSolution
		SolutionGuid = {7AE227E7-DEB7-4B42-A03B-0CAB30F8CC47}
	EndGlobalSection
EndGlobal
