
Microsoft Visual Studio Solution File, Format Version 12.00
# Visual Studio Version 16
VisualStudioVersion = 16.0.31702.278
MinimumVisualStudioVersion = 10.0.40219.1
Project("{FAE04EC0-301F-11D3-BF4B-00C04F79EFBC}") = "Task_3", "Task_3\Task_3.csproj", "{EC963A88-0623-478C-BF0B-DF5139D79B97}"
EndProject
Global
	GlobalSection(SolutionConfigurationPlatforms) = preSolution
		Debug|Any CPU = Debug|Any CPU
		Release|Any CPU = Release|Any CPU
	EndGlobalSection
	GlobalSection(ProjectConfigurationPlatforms) = postSolution
		{EC963A88-0623-478C-BF0B-DF5139D79B97}.Debug|Any CPU.ActiveCfg = Debug|Any CPU
		{EC963A88-0623-478C-BF0B-DF5139D79B97}.Debug|Any CPU.Build.0 = Debug|Any CPU
		{EC963A88-0623-478C-BF0B-DF5139D79B97}.Release|Any CPU.ActiveCfg = Release|Any CPU
		{EC963A88-0623-478C-BF0B-DF5139D79B97}.Release|Any CPU.Build.0 = Release|Any CPU
	EndGlobalSection
	GlobalSection(SolutionProperties) = preSolution
		HideSolutionNode = FALSE
	EndGlobalSection
	GlobalSection(ExtensibilityGlobals) = postSolution
		SolutionGuid = {C6C8634B-D283-4E8B-B54F-B54A152E77FC}
	EndGlobalSection
EndGlobal
