
Microsoft Visual Studio Solution File, Format Version 12.00
# Visual Studio Version 16
VisualStudioVersion = 16.0.31702.278
MinimumVisualStudioVersion = 10.0.40219.1
Project("{FAE04EC0-301F-11D3-BF4B-00C04F79EFBC}") = "Задача 3", "Задача 3\Задача 3.csproj", "{73320E63-D8BD-4927-BB3D-10A4FEEBA761}"
EndProject
Global
	GlobalSection(SolutionConfigurationPlatforms) = preSolution
		Debug|Any CPU = Debug|Any CPU
		Release|Any CPU = Release|Any CPU
	EndGlobalSection
	GlobalSection(ProjectConfigurationPlatforms) = postSolution
		{73320E63-D8BD-4927-BB3D-10A4FEEBA761}.Debug|Any CPU.ActiveCfg = Debug|Any CPU
		{73320E63-D8BD-4927-BB3D-10A4FEEBA761}.Debug|Any CPU.Build.0 = Debug|Any CPU
		{73320E63-D8BD-4927-BB3D-10A4FEEBA761}.Release|Any CPU.ActiveCfg = Release|Any CPU
		{73320E63-D8BD-4927-BB3D-10A4FEEBA761}.Release|Any CPU.Build.0 = Release|Any CPU
	EndGlobalSection
	GlobalSection(SolutionProperties) = preSolution
		HideSolutionNode = FALSE
	EndGlobalSection
	GlobalSection(ExtensibilityGlobals) = postSolution
		SolutionGuid = {D8AEA938-5299-4D16-AEDF-00C1BEA26838}
	EndGlobalSection
EndGlobal
