
Microsoft Visual Studio Solution File, Format Version 12.00
# Visual Studio Version 16
VisualStudioVersion = 16.0.31702.278
MinimumVisualStudioVersion = 10.0.40219.1
Project("{FAE04EC0-301F-11D3-BF4B-00C04F79EFBC}") = "Task_7", "Task_7\Task_7.csproj", "{D828CDFC-C582-4929-8801-2F438AA6D34C}"
EndProject
Global
	GlobalSection(SolutionConfigurationPlatforms) = preSolution
		Debug|Any CPU = Debug|Any CPU
		Release|Any CPU = Release|Any CPU
	EndGlobalSection
	GlobalSection(ProjectConfigurationPlatforms) = postSolution
		{D828CDFC-C582-4929-8801-2F438AA6D34C}.Debug|Any CPU.ActiveCfg = Debug|Any CPU
		{D828CDFC-C582-4929-8801-2F438AA6D34C}.Debug|Any CPU.Build.0 = Debug|Any CPU
		{D828CDFC-C582-4929-8801-2F438AA6D34C}.Release|Any CPU.ActiveCfg = Release|Any CPU
		{D828CDFC-C582-4929-8801-2F438AA6D34C}.Release|Any CPU.Build.0 = Release|Any CPU
	EndGlobalSection
	GlobalSection(SolutionProperties) = preSolution
		HideSolutionNode = FALSE
	EndGlobalSection
	GlobalSection(ExtensibilityGlobals) = postSolution
		SolutionGuid = {0AD2EE01-1728-4549-A37F-82EEA89DA7D0}
	EndGlobalSection
EndGlobal
