
Microsoft Visual Studio Solution File, Format Version 12.00
# Visual Studio Version 16
VisualStudioVersion = 16.0.31702.278
MinimumVisualStudioVersion = 10.0.40219.1
Project("{FAE04EC0-301F-11D3-BF4B-00C04F79EFBC}") = "Task_10", "Task_10\Task_10.csproj", "{82C2D16F-4EFC-46AD-81DE-4F0B8CC67741}"
EndProject
Global
	GlobalSection(SolutionConfigurationPlatforms) = preSolution
		Debug|Any CPU = Debug|Any CPU
		Release|Any CPU = Release|Any CPU
	EndGlobalSection
	GlobalSection(ProjectConfigurationPlatforms) = postSolution
		{82C2D16F-4EFC-46AD-81DE-4F0B8CC67741}.Debug|Any CPU.ActiveCfg = Debug|Any CPU
		{82C2D16F-4EFC-46AD-81DE-4F0B8CC67741}.Debug|Any CPU.Build.0 = Debug|Any CPU
		{82C2D16F-4EFC-46AD-81DE-4F0B8CC67741}.Release|Any CPU.ActiveCfg = Release|Any CPU
		{82C2D16F-4EFC-46AD-81DE-4F0B8CC67741}.Release|Any CPU.Build.0 = Release|Any CPU
	EndGlobalSection
	GlobalSection(SolutionProperties) = preSolution
		HideSolutionNode = FALSE
	EndGlobalSection
	GlobalSection(ExtensibilityGlobals) = postSolution
		SolutionGuid = {6877FCAE-EB9B-4F64-918F-912FB0C8DD52}
	EndGlobalSection
EndGlobal
